
Microsoft Visual Studio Solution File, Format Version 12.00
# Visual Studio Version 17
VisualStudioVersion = 17.5.33502.453
MinimumVisualStudioVersion = 10.0.40219.1
Project("{FAE04EC0-301F-11D3-BF4B-00C04F79EFBC}") = "SurnameSim", "SurnameSim\SurnameSim.csproj", "{0A35D03D-FD86-475D-B9ED-A22BE8B51448}"
EndProject
Global
	GlobalSection(SolutionConfigurationPlatforms) = preSolution
		Debug|Any CPU = Debug|Any CPU
		Release|Any CPU = Release|Any CPU
	EndGlobalSection
	GlobalSection(ProjectConfigurationPlatforms) = postSolution
		{0A35D03D-FD86-475D-B9ED-A22BE8B51448}.Debug|Any CPU.ActiveCfg = Debug|Any CPU
		{0A35D03D-FD86-475D-B9ED-A22BE8B51448}.Debug|Any CPU.Build.0 = Debug|Any CPU
		{0A35D03D-FD86-475D-B9ED-A22BE8B51448}.Release|Any CPU.ActiveCfg = Release|Any CPU
		{0A35D03D-FD86-475D-B9ED-A22BE8B51448}.Release|Any CPU.Build.0 = Release|Any CPU
	EndGlobalSection
	GlobalSection(SolutionProperties) = preSolution
		HideSolutionNode = FALSE
	EndGlobalSection
	GlobalSection(ExtensibilityGlobals) = postSolution
		SolutionGuid = {F8DC0B9E-CA65-447C-901C-8B193735F4A2}
	EndGlobalSection
EndGlobal
